
Microsoft Visual Studio Solution File, Format Version 12.00
# Visual Studio Version 17
VisualStudioVersion = 17.7.34018.315
MinimumVisualStudioVersion = 10.0.40219.1
Project("{8BC9CEB8-8B4A-11D0-8D11-00A0C91BC942}") = "ConsoleApplication3", "ConsoleApplication3.vcxproj", "{655AFD59-D6A8-42F5-9E75-EE9B08538D26}"
EndProject
Global
	GlobalSection(SolutionConfigurationPlatforms) = preSolution
		Debug|x64 = Debug|x64
		Debug|x86 = Debug|x86
		Release|x64 = Release|x64
		Release|x86 = Release|x86
	EndGlobalSection
	GlobalSection(ProjectConfigurationPlatforms) = postSolution
		{655AFD59-D6A8-42F5-9E75-EE9B08538D26}.Debug|x64.ActiveCfg = Debug|x64
		{655AFD59-D6A8-42F5-9E75-EE9B08538D26}.Debug|x64.Build.0 = Debug|x64
		{655AFD59-D6A8-42F5-9E75-EE9B08538D26}.Debug|x86.ActiveCfg = Debug|Win32
		{655AFD59-D6A8-42F5-9E75-EE9B08538D26}.Debug|x86.Build.0 = Debug|Win32
		{655AFD59-D6A8-42F5-9E75-EE9B08538D26}.Release|x64.ActiveCfg = Release|x64
		{655AFD59-D6A8-42F5-9E75-EE9B08538D26}.Release|x64.Build.0 = Release|x64
		{655AFD59-D6A8-42F5-9E75-EE9B08538D26}.Release|x86.ActiveCfg = Release|Win32
		{655AFD59-D6A8-42F5-9E75-EE9B08538D26}.Release|x86.Build.0 = Release|Win32
	EndGlobalSection
	GlobalSection(SolutionProperties) = preSolution
		HideSolutionNode = FALSE
	EndGlobalSection
	GlobalSection(ExtensibilityGlobals) = postSolution
		SolutionGuid = {4974E67D-70AF-4470-9138-550CC4069066}
	EndGlobalSection
EndGlobal
